// !$*UTF8*$!
{
	archiveVersion = 1;
	classes = {
	};
	objectVersion = 77;
	objects = {

/* Begin PBXBuildFile section */
		6D3A1A992F675F44005DA839 /* KeyboardShortcuts in Frameworks */ = {isa = PBXBuildFile; productRef = 6D3A1A982F675F44005DA839 /* KeyboardShortcuts */; };
		6D8230732F69F4A00096571A /* Supabase in Frameworks */ = {isa = PBXBuildFile; productRef = 6D8230722F69F4A00096571A /* Supabase */; };
		A7D90C1E4B4D4E5F8A1B2C30 /* Sparkle in Frameworks */ = {isa = PBXBuildFile; productRef = A7D90C1E4B4D4E5F8A1B2C31 /* Sparkle */; };
		C80A4F64301851B7005C2101 /* OpenAI in Frameworks */ = {isa = PBXBuildFile; productRef = C80A4F66301851B7005C2101 /* OpenAI */; };
/* End PBXBuildFile section */

/* Begin PBXContainerItemProxy section */
		6D29DC8D2F5FA23100267DEA /* PBXContainerItemProxy */ = {
			isa = PBXContainerItemProxy;
			containerPortal = 6D29DC752F5FA23000267DEA /* Project object */;
			proxyType = 1;
			remoteGlobalIDString = 6D29DC7C2F5FA23000267DEA;
			remoteInfo = Stet;
		};
		6D29DC972F5FA23100267DEA /* PBXContainerItemProxy */ = {
			isa = PBXContainerItemProxy;
			containerPortal = 6D29DC752F5FA23000267DEA /* Project object */;
			proxyType = 1;
			remoteGlobalIDString = 6D29DC7C2F5FA23000267DEA;
			remoteInfo = Stet;
		};
/* End PBXContainerItemProxy section */

/* Begin PBXFileReference section */
		6D29DC7D2F5FA23000267DEA /* Stet.app */ = {isa = PBXFileReference; explicitFileType = wrapper.application; includeInIndex = 0; path = Stet.app; sourceTree = BUILT_PRODUCTS_DIR; };
		6D29DC8C2F5FA23100267DEA /* StetTests.xctest */ = {isa = PBXFileReference; explicitFileType = wrapper.cfbundle; includeInIndex = 0; path = StetTests.xctest; sourceTree = BUILT_PRODUCTS_DIR; };
		6D29DC962F5FA23100267DEA /* StetUITests.xctest */ = {isa = PBXFileReference; explicitFileType = wrapper.cfbundle; includeInIndex = 0; path = StetUITests.xctest; sourceTree = BUILT_PRODUCTS_DIR; };
/* End PBXFileReference section */

/* Begin PBXFileSystemSynchronizedRootGroup section */
		6D29DC7F2F5FA23000267DEA /* Stet */ = {
			isa = PBXFileSystemSynchronizedRootGroup;
			path = Stet;
			sourceTree = "<group>";
		};
		6D29DC8F2F5FA23100267DEA /* StetTests */ = {
			isa = PBXFileSystemSynchronizedRootGroup;
			path = StetTests;
			sourceTree = "<group>";
		};
		6D29DC992F5FA23100267DEA /* StetUITests */ = {
			isa = PBXFileSystemSynchronizedRootGroup;
			path = StetUITests;
			sourceTree = "<group>";
		};
/* End PBXFileSystemSynchronizedRootGroup section */

/* Begin PBXFrameworksBuildPhase section */
		6D29DC7A2F5FA23000267DEA /* Frameworks */ = {
			isa = PBXFrameworksBuildPhase;
			buildActionMask = 2147483647;
			files = (
				6D8230732F69F4A00096571A /* Supabase in Frameworks */,
				C80A4F64301851B7005C2101 /* OpenAI in Frameworks */,
				A7D90C1E4B4D4E5F8A1B2C30 /* Sparkle in Frameworks */,
				6D3A1A992F675F44005DA839 /* KeyboardShortcuts in Frameworks */,
			);
			runOnlyForDeploymentPostprocessing = 0;
		};
		6D29DC892F5FA23100267DEA /* Frameworks */ = {
			isa = PBXFrameworksBuildPhase;
			buildActionMask = 2147483647;
			files = (
			);
			runOnlyForDeploymentPostprocessing = 0;
		};
		6D29DC932F5FA23100267DEA /* Frameworks */ = {
			isa = PBXFrameworksBuildPhase;
			buildActionMask = 2147483647;
			files = (
			);
			runOnlyForDeploymentPostprocessing = 0;
		};
/* End PBXFrameworksBuildPhase section */

/* Begin PBXGroup section */
		6D29DC742F5FA23000267DEA = {
			isa = PBXGroup;
			children = (
				6D29DC7F2F5FA23000267DEA /* Stet */,
				6D29DC8F2F5FA23100267DEA /* StetTests */,
				6D29DC992F5FA23100267DEA /* StetUITests */,
				6D29DC7E2F5FA23000267DEA /* Products */,
			);
			sourceTree = "<group>";
		};
		6D29DC7E2F5FA23000267DEA /* Products */ = {
			isa = PBXGroup;
			children = (
				6D29DC7D2F5FA23000267DEA /* Stet.app */,
				6D29DC8C2F5FA23100267DEA /* StetTests.xctest */,
				6D29DC962F5FA23100267DEA /* StetUITests.xctest */,
			);
			name = Products;
			sourceTree = "<group>";
		};
/* End PBXGroup section */

/* Begin PBXNativeTarget section */
		6D29DC7C2F5FA23000267DEA /* Stet */ = {
			isa = PBXNativeTarget;
			buildConfigurationList = 6D29DCA02F5FA23100267DEA /* Build configuration list for PBXNativeTarget "Stet" */;
			buildPhases = (
				6D29DC792F5FA23000267DEA /* Sources */,
				6D29DC7A2F5FA23000267DEA /* Frameworks */,
				6D29DC7B2F5FA23000267DEA /* Resources */,
			);
			buildRules = (
			);
			dependencies = (
			);
			fileSystemSynchronizedGroups = (
				6D29DC7F2F5FA23000267DEA /* Stet */,
			);
			name = Stet;
			packageProductDependencies = (
				C80A4F66301851B7005C2101 /* OpenAI */,
				A7D90C1E4B4D4E5F8A1B2C31 /* Sparkle */,
				6D3A1A982F675F44005DA839 /* KeyboardShortcuts */,
				6D8230722F69F4A00096571A /* Supabase */,
			);
			productName = Stet;
			productReference = 6D29DC7D2F5FA23000267DEA /* Stet.app */;
			productType = "com.apple.product-type.application";
		};
		6D29DC8B2F5FA23100267DEA /* StetTests */ = {
			isa = PBXNativeTarget;
			buildConfigurationList = 6D29DCA32F5FA23100267DEA /* Build configuration list for PBXNativeTarget "StetTests" */;
			buildPhases = (
				6D29DC882F5FA23100267DEA /* Sources */,
				6D29DC892F5FA23100267DEA /* Frameworks */,
				6D29DC8A2F5FA23100267DEA /* Resources */,
			);
			buildRules = (
			);
			dependencies = (
				6D29DC8E2F5FA23100267DEA /* PBXTargetDependency */,
			);
			fileSystemSynchronizedGroups = (
				6D29DC8F2F5FA23100267DEA /* StetTests */,
			);
			name = StetTests;
			packageProductDependencies = (
			);
			productName = StetTests;
			productReference = 6D29DC8C2F5FA23100267DEA /* StetTests.xctest */;
			productType = "com.apple.product-type.bundle.unit-test";
		};
		6D29DC952F5FA23100267DEA /* StetUITests */ = {
			isa = PBXNativeTarget;
			buildConfigurationList = 6D29DCA62F5FA23100267DEA /* Build configuration list for PBXNativeTarget "StetUITests" */;
			buildPhases = (
				6D29DC922F5FA23100267DEA /* Sources */,
				6D29DC932F5FA23100267DEA /* Frameworks */,
				6D29DC942F5FA23100267DEA /* Resources */,
			);
			buildRules = (
			);
			dependencies = (
				6D29DC982F5FA23100267DEA /* PBXTargetDependency */,
			);
			fileSystemSynchronizedGroups = (
				6D29DC992F5FA23100267DEA /* StetUITests */,
			);
			name = StetUITests;
			packageProductDependencies = (
			);
			productName = StetUITests;
			productReference = 6D29DC962F5FA23100267DEA /* StetUITests.xctest */;
			productType = "com.apple.product-type.bundle.ui-testing";
		};
/* End PBXNativeTarget section */

/* Begin PBXProject section */
		6D29DC752F5FA23000267DEA /* Project object */ = {
			isa = PBXProject;
			attributes = {
				BuildIndependentTargetsInParallel = 1;
				LastSwiftUpdateCheck = 2630;
				LastUpgradeCheck = 2630;
				TargetAttributes = {
					6D29DC7C2F5FA23000267DEA = {
						CreatedOnToolsVersion = 26.3;
					};
					6D29DC8B2F5FA23100267DEA = {
						CreatedOnToolsVersion = 26.3;
						TestTargetID = 6D29DC7C2F5FA23000267DEA;
					};
					6D29DC952F5FA23100267DEA = {
						CreatedOnToolsVersion = 26.3;
						TestTargetID = 6D29DC7C2F5FA23000267DEA;
					};
				};
			};
			buildConfigurationList = 6D29DC782F5FA23000267DEA /* Build configuration list for PBXProject "Stet" */;
			developmentRegion = en;
			hasScannedForEncodings = 0;
			knownRegions = (
				en,
				Base,
			);
			mainGroup = 6D29DC742F5FA23000267DEA;
			minimizedProjectReferenceProxies = 1;
			packageReferences = (
				C80A4F65301851B7005C2101 /* XCRemoteSwiftPackageReference "OpenAI" */,
				A7D90C1E4B4D4E5F8A1B2C32 /* XCRemoteSwiftPackageReference "Sparkle" */,
				6D3A1A972F675F44005DA839 /* XCRemoteSwiftPackageReference "KeyboardShortcuts" */,
				6D82306D2F69F4A00096571A /* XCRemoteSwiftPackageReference "supabase-swift" */,
			);
			preferredProjectObjectVersion = 77;
			productRefGroup = 6D29DC7E2F5FA23000267DEA /* Products */;
			projectDirPath = "";
			projectRoot = "";
			targets = (
				6D29DC7C2F5FA23000267DEA /* Stet */,
				6D29DC8B2F5FA23100267DEA /* StetTests */,
				6D29DC952F5FA23100267DEA /* StetUITests */,
			);
		};
/* End PBXProject section */

/* Begin PBXResourcesBuildPhase section */
		6D29DC7B2F5FA23000267DEA /* Resources */ = {
			isa = PBXResourcesBuildPhase;
			buildActionMask = 2147483647;
			files = (
			);
			runOnlyForDeploymentPostprocessing = 0;
		};
		6D29DC8A2F5FA23100267DEA /* Resources */ = {
			isa = PBXResourcesBuildPhase;
			buildActionMask = 2147483647;
			files = (
			);
			runOnlyForDeploymentPostprocessing = 0;
		};
		6D29DC942F5FA23100267DEA /* Resources */ = {
			isa = PBXResourcesBuildPhase;
			buildActionMask = 2147483647;
			files = (
			);
			runOnlyForDeploymentPostprocessing = 0;
		};
/* End PBXResourcesBuildPhase section */

/* Begin PBXSourcesBuildPhase section */
		6D29DC792F5FA23000267DEA /* Sources */ = {
			isa = PBXSourcesBuildPhase;
			buildActionMask = 2147483647;
			files = (
			);
			runOnlyForDeploymentPostprocessing = 0;
		};
		6D29DC882F5FA23100267DEA /* Sources */ = {
			isa = PBXSourcesBuildPhase;
			buildActionMask = 2147483647;
			files = (
			);
			runOnlyForDeploymentPostprocessing = 0;
		};
		6D29DC922F5FA23100267DEA /* Sources */ = {
			isa = PBXSourcesBuildPhase;
			buildActionMask = 2147483647;
			files = (
			);
			runOnlyForDeploymentPostprocessing = 0;
		};
/* End PBXSourcesBuildPhase section */

/* Begin PBXTargetDependency section */
		6D29DC8E2F5FA23100267DEA /* PBXTargetDependency */ = {
			isa = PBXTargetDependency;
			target = 6D29DC7C2F5FA23000267DEA /* Stet */;
			targetProxy = 6D29DC8D2F5FA23100267DEA /* PBXContainerItemProxy */;
		};
		6D29DC982F5FA23100267DEA /* PBXTargetDependency */ = {
			isa = PBXTargetDependency;
			target = 6D29DC7C2F5FA23000267DEA /* Stet */;
			targetProxy = 6D29DC972F5FA23100267DEA /* PBXContainerItemProxy */;
		};
/* End PBXTargetDependency section */

/* Begin XCBuildConfiguration section */
		6D29DC9E2F5FA23100267DEA /* Debug */ = {
			isa = XCBuildConfiguration;
			buildSettings = {
				ALWAYS_SEARCH_USER_PATHS = NO;
				ASSETCATALOG_COMPILER_GENERATE_SWIFT_ASSET_SYMBOL_EXTENSIONS = YES;
				CLANG_ANALYZER_NONNULL = YES;
				CLANG_ANALYZER_NUMBER_OBJECT_CONVERSION = YES_AGGRESSIVE;
				CLANG_CXX_LANGUAGE_STANDARD = "gnu++20";
				CLANG_ENABLE_MODULES = YES;
				CLANG_ENABLE_OBJC_ARC = YES;
				CLANG_ENABLE_OBJC_WEAK = YES;
				CLANG_WARN_BLOCK_CAPTURE_AUTORELEASING = YES;
				CLANG_WARN_BOOL_CONVERSION = YES;
				CLANG_WARN_COMMA = YES;
				CLANG_WARN_CONSTANT_CONVERSION = YES;
				CLANG_WARN_DEPRECATED_OBJC_IMPLEMENTATIONS = YES;
				CLANG_WARN_DIRECT_OBJC_ISA_USAGE = YES_ERROR;
				CLANG_WARN_DOCUMENTATION_COMMENTS = YES;
				CLANG_WARN_EMPTY_BODY = YES;
				CLANG_WARN_ENUM_CONVERSION = YES;
				CLANG_WARN_INFINITE_RECURSION = YES;
				CLANG_WARN_INT_CONVERSION = YES;
				CLANG_WARN_NON_LITERAL_NULL_CONVERSION = YES;
				CLANG_WARN_OBJC_IMPLICIT_RETAIN_SELF = YES;
				CLANG_WARN_OBJC_LITERAL_CONVERSION = YES;
				CLANG_WARN_OBJC_ROOT_CLASS = YES_ERROR;
				CLANG_WARN_QUOTED_INCLUDE_IN_FRAMEWORK_HEADER = YES;
				CLANG_WARN_RANGE_LOOP_ANALYSIS = YES;
				CLANG_WARN_STRICT_PROTOTYPES = YES;
				CLANG_WARN_SUSPICIOUS_MOVE = YES;
				CLANG_WARN_UNGUARDED_AVAILABILITY = YES_AGGRESSIVE;
				CLANG_WARN_UNREACHABLE_CODE = YES;
				CLANG_WARN__DUPLICATE_METHOD_MATCH = YES;
				COPY_PHASE_STRIP = NO;
				DEAD_CODE_STRIPPING = YES;
				DEBUG_INFORMATION_FORMAT = dwarf;
				DEVELOPMENT_TEAM = 67BL3M4FPS;
				ENABLE_STRICT_OBJC_MSGSEND = YES;
				ENABLE_TESTABILITY = YES;
				ENABLE_USER_SCRIPT_SANDBOXING = YES;
				GCC_C_LANGUAGE_STANDARD = gnu17;
				GCC_DYNAMIC_NO_PIC = NO;
				GCC_NO_COMMON_BLOCKS = YES;
				GCC_OPTIMIZATION_LEVEL = 0;
				GCC_PREPROCESSOR_DEFINITIONS = (
					"DEBUG=1",
					"$(inherited)",
				);
				GCC_WARN_64_TO_32_BIT_CONVERSION = YES;
				GCC_WARN_ABOUT_RETURN_TYPE = YES_ERROR;
				GCC_WARN_UNDECLARED_SELECTOR = YES;
				GCC_WARN_UNINITIALIZED_AUTOS = YES_AGGRESSIVE;
				GCC_WARN_UNUSED_FUNCTION = YES;
				GCC_WARN_UNUSED_VARIABLE = YES;
				IPHONEOS_DEPLOYMENT_TARGET = 26.2;
				LOCALIZATION_PREFERS_STRING_CATALOGS = YES;
				MACOSX_DEPLOYMENT_TARGET = 26.0;
				MTL_ENABLE_DEBUG_INFO = INCLUDE_SOURCE;
				MTL_FAST_MATH = YES;
				ONLY_ACTIVE_ARCH = YES;
				SDKROOT = auto;
				STRING_CATALOG_GENERATE_SYMBOLS = YES;
				SUPPORTED_PLATFORMS = "iphoneos iphonesimulator macosx";
				SWIFT_ACTIVE_COMPILATION_CONDITIONS = "DEBUG $(inherited)";
				SWIFT_OPTIMIZATION_LEVEL = "-Onone";
			};
			name = Debug;
		};
		6D29DC9F2F5FA23100267DEA /* Release */ = {
			isa = XCBuildConfiguration;
			buildSettings = {
				ALWAYS_SEARCH_USER_PATHS = NO;
				ASSETCATALOG_COMPILER_GENERATE_SWIFT_ASSET_SYMBOL_EXTENSIONS = YES;
				CLANG_ANALYZER_NONNULL = YES;
				CLANG_ANALYZER_NUMBER_OBJECT_CONVERSION = YES_AGGRESSIVE;
				CLANG_CXX_LANGUAGE_STANDARD = "gnu++20";
				CLANG_ENABLE_MODULES = YES;
				CLANG_ENABLE_OBJC_ARC = YES;
				CLANG_ENABLE_OBJC_WEAK = YES;
				CLANG_WARN_BLOCK_CAPTURE_AUTORELEASING = YES;
				CLANG_WARN_BOOL_CONVERSION = YES;
				CLANG_WARN_COMMA = YES;
				CLANG_WARN_CONSTANT_CONVERSION = YES;
				CLANG_WARN_DEPRECATED_OBJC_IMPLEMENTATIONS = YES;
				CLANG_WARN_DIRECT_OBJC_ISA_USAGE = YES_ERROR;
				CLANG_WARN_DOCUMENTATION_COMMENTS = YES;
				CLANG_WARN_EMPTY_BODY = YES;
				CLANG_WARN_ENUM_CONVERSION = YES;
				CLANG_WARN_INFINITE_RECURSION = YES;
				CLANG_WARN_INT_CONVERSION = YES;
				CLANG_WARN_NON_LITERAL_NULL_CONVERSION = YES;
				CLANG_WARN_OBJC_IMPLICIT_RETAIN_SELF = YES;
				CLANG_WARN_OBJC_LITERAL_CONVERSION = YES;
				CLANG_WARN_OBJC_ROOT_CLASS = YES_ERROR;
				CLANG_WARN_QUOTED_INCLUDE_IN_FRAMEWORK_HEADER = YES;
				CLANG_WARN_RANGE_LOOP_ANALYSIS = YES;
				CLANG_WARN_STRICT_PROTOTYPES = YES;
				CLANG_WARN_SUSPICIOUS_MOVE = YES;
				CLANG_WARN_UNGUARDED_AVAILABILITY = YES_AGGRESSIVE;
				CLANG_WARN_UNREACHABLE_CODE = YES;
				CLANG_WARN__DUPLICATE_METHOD_MATCH = YES;
				COPY_PHASE_STRIP = NO;
				DEAD_CODE_STRIPPING = YES;
				DEBUG_INFORMATION_FORMAT = "dwarf-with-dsym";
				DEVELOPMENT_TEAM = 67BL3M4FPS;
				ENABLE_NS_ASSERTIONS = NO;
				ENABLE_STRICT_OBJC_MSGSEND = YES;
				ENABLE_USER_SCRIPT_SANDBOXING = YES;
				GCC_C_LANGUAGE_STANDARD = gnu17;
				GCC_NO_COMMON_BLOCKS = YES;
				GCC_WARN_64_TO_32_BIT_CONVERSION = YES;
				GCC_WARN_ABOUT_RETURN_TYPE = YES_ERROR;
				GCC_WARN_UNDECLARED_SELECTOR = YES;
				GCC_WARN_UNINITIALIZED_AUTOS = YES_AGGRESSIVE;
				GCC_WARN_UNUSED_FUNCTION = YES;
				GCC_WARN_UNUSED_VARIABLE = YES;
				IPHONEOS_DEPLOYMENT_TARGET = 26.2;
				LOCALIZATION_PREFERS_STRING_CATALOGS = YES;
				MACOSX_DEPLOYMENT_TARGET = 26.0;
				MTL_ENABLE_DEBUG_INFO = NO;
				MTL_FAST_MATH = YES;
				SDKROOT = auto;
				STRING_CATALOG_GENERATE_SYMBOLS = YES;
				SUPPORTED_PLATFORMS = "iphoneos iphonesimulator macosx";
				SWIFT_COMPILATION_MODE = wholemodule;
				VALIDATE_PRODUCT = YES;
			};
			name = Release;
		};
		6D29DCA12F5FA23100267DEA /* Debug */ = {
			isa = XCBuildConfiguration;
			buildSettings = {
				ASSETCATALOG_COMPILER_APPICON_NAME = AppIcon;
				ASSETCATALOG_COMPILER_GLOBAL_ACCENT_COLOR_NAME = AccentColor;
				CODE_SIGN_STYLE = Automatic;
				CURRENT_PROJECT_VERSION = 1;
				DEAD_CODE_STRIPPING = YES;
				DEVELOPMENT_TEAM = 67BL3M4FPS;
				ENABLE_PREVIEWS = YES;
				GENERATE_INFOPLIST_FILE = NO;
				INFOPLIST_FILE = Info.plist;
				LD_RUNPATH_SEARCH_PATHS = (
					"$(inherited)",
					"@executable_path/Frameworks",
				);
				"LD_RUNPATH_SEARCH_PATHS[sdk=macosx*]" = "@executable_path/../Frameworks";
				MACOSX_DEPLOYMENT_TARGET = 26.0;
				MARKETING_VERSION = 1.0;
				PRODUCT_BUNDLE_IDENTIFIER = NaichengDeng.Stet;
				PRODUCT_NAME = "$(TARGET_NAME)";
				SDKROOT = auto;
				SPARKLE_FEED_URL = "";
				SPARKLE_PUBLIC_ED_KEY = "";
				STRING_CATALOG_GENERATE_SYMBOLS = YES;
				SUPABASE_PUBLISHABLE_KEY = sb_publishable_DiDRWukKUQrcdBDUjYmJGw_5N51MiHP;
				SUPABASE_URL = "https://qtffabmkvbkzarwevfrk.supabase.co";
				SUPPORTED_PLATFORMS = "iphoneos iphonesimulator macosx";
				SUPPORTS_MACCATALYST = NO;
				SWIFT_APPROACHABLE_CONCURRENCY = YES;
				SWIFT_DEFAULT_ACTOR_ISOLATION = MainActor;
				SWIFT_EMIT_LOC_STRINGS = YES;
				SWIFT_UPCOMING_FEATURE_MEMBER_IMPORT_VISIBILITY = YES;
				SWIFT_VERSION = 5.0;
				TARGETED_DEVICE_FAMILY = "1,2";
			};
			name = Debug;
		};
		6D29DCA22F5FA23100267DEA /* Release */ = {
			isa = XCBuildConfiguration;
			buildSettings = {
				ASSETCATALOG_COMPILER_APPICON_NAME = AppIcon;
				ASSETCATALOG_COMPILER_GLOBAL_ACCENT_COLOR_NAME = AccentColor;
				CODE_SIGN_STYLE = Automatic;
				CURRENT_PROJECT_VERSION = 1;
				DEAD_CODE_STRIPPING = YES;
				DEVELOPMENT_TEAM = 67BL3M4FPS;
				ENABLE_PREVIEWS = YES;
				GENERATE_INFOPLIST_FILE = NO;
				INFOPLIST_FILE = Info.plist;
				LD_RUNPATH_SEARCH_PATHS = (
					"$(inherited)",
					"@executable_path/Frameworks",
				);
				"LD_RUNPATH_SEARCH_PATHS[sdk=macosx*]" = "@executable_path/../Frameworks";
				MACOSX_DEPLOYMENT_TARGET = 26.0;
				MARKETING_VERSION = 1.0;
				PRODUCT_BUNDLE_IDENTIFIER = NaichengDeng.Stet;
				PRODUCT_NAME = "$(TARGET_NAME)";
				SDKROOT = auto;
				SPARKLE_FEED_URL = "";
				SPARKLE_PUBLIC_ED_KEY = "";
				STRING_CATALOG_GENERATE_SYMBOLS = YES;
				SUPABASE_PUBLISHABLE_KEY = sb_publishable_DiDRWukKUQrcdBDUjYmJGw_5N51MiHP;
				SUPABASE_URL = "https://qtffabmkvbkzarwevfrk.supabase.co";
				SUPPORTED_PLATFORMS = "iphoneos iphonesimulator macosx";
				SUPPORTS_MACCATALYST = NO;
				SWIFT_APPROACHABLE_CONCURRENCY = YES;
				SWIFT_DEFAULT_ACTOR_ISOLATION = MainActor;
				SWIFT_EMIT_LOC_STRINGS = YES;
				SWIFT_UPCOMING_FEATURE_MEMBER_IMPORT_VISIBILITY = YES;
				SWIFT_VERSION = 5.0;
				TARGETED_DEVICE_FAMILY = "1,2";
			};
			name = Release;
		};
		6D29DCA42F5FA23100267DEA /* Debug */ = {
			isa = XCBuildConfiguration;
			buildSettings = {
				BUNDLE_LOADER = "$(TEST_HOST)";
				CODE_SIGN_STYLE = Automatic;
				CURRENT_PROJECT_VERSION = 1;
				DEAD_CODE_STRIPPING = YES;
				DEVELOPMENT_TEAM = 67BL3M4FPS;
				GENERATE_INFOPLIST_FILE = YES;
				IPHONEOS_DEPLOYMENT_TARGET = 26.2;
				MARKETING_VERSION = 1.0;
				PRODUCT_BUNDLE_IDENTIFIER = NaichengDeng.StetTests;
				PRODUCT_NAME = "$(TARGET_NAME)";
				STRING_CATALOG_GENERATE_SYMBOLS = NO;
				SWIFT_APPROACHABLE_CONCURRENCY = YES;
				SWIFT_EMIT_LOC_STRINGS = NO;
				SWIFT_UPCOMING_FEATURE_MEMBER_IMPORT_VISIBILITY = YES;
				SWIFT_VERSION = 5.0;
				TARGETED_DEVICE_FAMILY = "1,2";
				TEST_HOST = "$(BUILT_PRODUCTS_DIR)/Stet.app/$(BUNDLE_EXECUTABLE_FOLDER_PATH)/Stet";
			};
			name = Debug;
		};
		6D29DCA52F5FA23100267DEA /* Release */ = {
			isa = XCBuildConfiguration;
			buildSettings = {
				BUNDLE_LOADER = "$(TEST_HOST)";
				CODE_SIGN_STYLE = Automatic;
				CURRENT_PROJECT_VERSION = 1;
				DEAD_CODE_STRIPPING = YES;
				DEVELOPMENT_TEAM = 67BL3M4FPS;
				GENERATE_INFOPLIST_FILE = YES;
				IPHONEOS_DEPLOYMENT_TARGET = 26.2;
				MARKETING_VERSION = 1.0;
				PRODUCT_BUNDLE_IDENTIFIER = NaichengDeng.StetTests;
				PRODUCT_NAME = "$(TARGET_NAME)";
				STRING_CATALOG_GENERATE_SYMBOLS = NO;
				SWIFT_APPROACHABLE_CONCURRENCY = YES;
				SWIFT_EMIT_LOC_STRINGS = NO;
				SWIFT_UPCOMING_FEATURE_MEMBER_IMPORT_VISIBILITY = YES;
				SWIFT_VERSION = 5.0;
				TARGETED_DEVICE_FAMILY = "1,2";
				TEST_HOST = "$(BUILT_PRODUCTS_DIR)/Stet.app/$(BUNDLE_EXECUTABLE_FOLDER_PATH)/Stet";
			};
			name = Release;
		};
		6D29DCA72F5FA23100267DEA /* Debug */ = {
			isa = XCBuildConfiguration;
			buildSettings = {
				CODE_SIGN_STYLE = Automatic;
				CURRENT_PROJECT_VERSION = 1;
				DEAD_CODE_STRIPPING = YES;
				DEVELOPMENT_TEAM = 67BL3M4FPS;
				GENERATE_INFOPLIST_FILE = YES;
				MARKETING_VERSION = 1.0;
				PRODUCT_BUNDLE_IDENTIFIER = NaichengDeng.StetUITests;
				PRODUCT_NAME = "$(TARGET_NAME)";
				STRING_CATALOG_GENERATE_SYMBOLS = NO;
				SWIFT_APPROACHABLE_CONCURRENCY = YES;
				SWIFT_EMIT_LOC_STRINGS = NO;
				SWIFT_UPCOMING_FEATURE_MEMBER_IMPORT_VISIBILITY = YES;
				SWIFT_VERSION = 5.0;
				TARGETED_DEVICE_FAMILY = "1,2";
				TEST_TARGET_NAME = Stet;
			};
			name = Debug;
		};
		6D29DCA82F5FA23100267DEA /* Release */ = {
			isa = XCBuildConfiguration;
			buildSettings = {
				CODE_SIGN_STYLE = Automatic;
				CURRENT_PROJECT_VERSION = 1;
				DEAD_CODE_STRIPPING = YES;
				DEVELOPMENT_TEAM = 67BL3M4FPS;
				GENERATE_INFOPLIST_FILE = YES;
				MARKETING_VERSION = 1.0;
				PRODUCT_BUNDLE_IDENTIFIER = NaichengDeng.StetUITests;
				PRODUCT_NAME = "$(TARGET_NAME)";
				STRING_CATALOG_GENERATE_SYMBOLS = NO;
				SWIFT_APPROACHABLE_CONCURRENCY = YES;
				SWIFT_EMIT_LOC_STRINGS = NO;
				SWIFT_UPCOMING_FEATURE_MEMBER_IMPORT_VISIBILITY = YES;
				SWIFT_VERSION = 5.0;
				TARGETED_DEVICE_FAMILY = "1,2";
				TEST_TARGET_NAME = Stet;
			};
			name = Release;
		};
/* End XCBuildConfiguration section */

/* Begin XCConfigurationList section */
		6D29DC782F5FA23000267DEA /* Build configuration list for PBXProject "Stet" */ = {
			isa = XCConfigurationList;
			buildConfigurations = (
				6D29DC9E2F5FA23100267DEA /* Debug */,
				6D29DC9F2F5FA23100267DEA /* Release */,
			);
			defaultConfigurationIsVisible = 0;
			defaultConfigurationName = Release;
		};
		6D29DCA02F5FA23100267DEA /* Build configuration list for PBXNativeTarget "Stet" */ = {
			isa = XCConfigurationList;
			buildConfigurations = (
				6D29DCA12F5FA23100267DEA /* Debug */,
				6D29DCA22F5FA23100267DEA /* Release */,
			);
			defaultConfigurationIsVisible = 0;
			defaultConfigurationName = Release;
		};
		6D29DCA32F5FA23100267DEA /* Build configuration list for PBXNativeTarget "StetTests" */ = {
			isa = XCConfigurationList;
			buildConfigurations = (
				6D29DCA42F5FA23100267DEA /* Debug */,
				6D29DCA52F5FA23100267DEA /* Release */,
			);
			defaultConfigurationIsVisible = 0;
			defaultConfigurationName = Release;
		};
		6D29DCA62F5FA23100267DEA /* Build configuration list for PBXNativeTarget "StetUITests" */ = {
			isa = XCConfigurationList;
			buildConfigurations = (
				6D29DCA72F5FA23100267DEA /* Debug */,
				6D29DCA82F5FA23100267DEA /* Release */,
			);
			defaultConfigurationIsVisible = 0;
			defaultConfigurationName = Release;
		};
/* End XCConfigurationList section */

/* Begin XCRemoteSwiftPackageReference section */
		6D3A1A972F675F44005DA839 /* XCRemoteSwiftPackageReference "KeyboardShortcuts" */ = {
			isa = XCRemoteSwiftPackageReference;
			repositoryURL = "https://github.com/sindresorhus/KeyboardShortcuts";
			requirement = {
				kind = upToNextMajorVersion;
				minimumVersion = 2.4.0;
			};
		};
		6D82306D2F69F4A00096571A /* XCRemoteSwiftPackageReference "supabase-swift" */ = {
			isa = XCRemoteSwiftPackageReference;
			repositoryURL = "https://github.com/supabase-community/supabase-swift.git";
			requirement = {
				kind = upToNextMajorVersion;
				minimumVersion = 2.5.1;
			};
		};
		A7D90C1E4B4D4E5F8A1B2C32 /* XCRemoteSwiftPackageReference "Sparkle" */ = {
			isa = XCRemoteSwiftPackageReference;
			repositoryURL = "https://github.com/sparkle-project/Sparkle.git";
			requirement = {
				kind = upToNextMajorVersion;
				minimumVersion = 2.8.1;
			};
		};
		C80A4F65301851B7005C2101 /* XCRemoteSwiftPackageReference "OpenAI" */ = {
			isa = XCRemoteSwiftPackageReference;
			repositoryURL = "https://github.com/MacPaw/OpenAI.git";
			requirement = {
				kind = upToNextMajorVersion;
				minimumVersion = 0.4.7;
			};
		};
/* End XCRemoteSwiftPackageReference section */

/* Begin XCSwiftPackageProductDependency section */
		6D3A1A982F675F44005DA839 /* KeyboardShortcuts */ = {
			isa = XCSwiftPackageProductDependency;
			package = 6D3A1A972F675F44005DA839 /* XCRemoteSwiftPackageReference "KeyboardShortcuts" */;
			productName = KeyboardShortcuts;
		};
		6D8230722F69F4A00096571A /* Supabase */ = {
			isa = XCSwiftPackageProductDependency;
			package = 6D82306D2F69F4A00096571A /* XCRemoteSwiftPackageReference "supabase-swift" */;
			productName = Supabase;
		};
		A7D90C1E4B4D4E5F8A1B2C31 /* Sparkle */ = {
			isa = XCSwiftPackageProductDependency;
			package = A7D90C1E4B4D4E5F8A1B2C32 /* XCRemoteSwiftPackageReference "Sparkle" */;
			productName = Sparkle;
		};
		C80A4F66301851B7005C2101 /* OpenAI */ = {
			isa = XCSwiftPackageProductDependency;
			package = C80A4F65301851B7005C2101 /* XCRemoteSwiftPackageReference "OpenAI" */;
			productName = OpenAI;
		};
/* End XCSwiftPackageProductDependency section */
	};
	rootObject = 6D29DC752F5FA23000267DEA /* Project object */;
}
